// !$*UTF8*$!
{
	archiveVersion = 1;
	classes = {
	};
	objectVersion = 46;
	objects = {

/* Begin PBXBuildFile section */
		2204C5D215E13B0A00F71E15 /* ECDocumentParser.h in Headers */ = {isa = PBXBuildFile; fileRef = 2204C5CA15E13B0A00F71E15 /* ECDocumentParser.h */; };
		2204C5D315E13B0A00F71E15 /* ECDocumentParser.h in Headers */ = {isa = PBXBuildFile; fileRef = 2204C5CA15E13B0A00F71E15 /* ECDocumentParser.h */; settings = {ATTRIBUTES = (Public, ); }; };
		2204C5D415E13B0A00F71E15 /* ECDocumentParser.m in Sources */ = {isa = PBXBuildFile; fileRef = 2204C5CB15E13B0A00F71E15 /* ECDocumentParser.m */; };
		2204C5D515E13B0A00F71E15 /* ECDocumentParser.m in Sources */ = {isa = PBXBuildFile; fileRef = 2204C5CB15E13B0A00F71E15 /* ECDocumentParser.m */; };
		2204C5D615E13B0A00F71E15 /* ECDocumentStyles.h in Headers */ = {isa = PBXBuildFile; fileRef = 2204C5CC15E13B0A00F71E15 /* ECDocumentStyles.h */; };
		2204C5D715E13B0A00F71E15 /* ECDocumentStyles.h in Headers */ = {isa = PBXBuildFile; fileRef = 2204C5CC15E13B0A00F71E15 /* ECDocumentStyles.h */; settings = {ATTRIBUTES = (Public, ); }; };
		2204C5D815E13B0A00F71E15 /* ECDocumentStyles.m in Sources */ = {isa = PBXBuildFile; fileRef = 2204C5CD15E13B0A00F71E15 /* ECDocumentStyles.m */; };
		2204C5D915E13B0A00F71E15 /* ECDocumentStyles.m in Sources */ = {isa = PBXBuildFile; fileRef = 2204C5CD15E13B0A00F71E15 /* ECDocumentStyles.m */; };
		2204C5DA15E13B0A00F71E15 /* ECHTMLParser.h in Headers */ = {isa = PBXBuildFile; fileRef = 2204C5CE15E13B0A00F71E15 /* ECHTMLParser.h */; };
		2204C5DB15E13B0A00F71E15 /* ECHTMLParser.h in Headers */ = {isa = PBXBuildFile; fileRef = 2204C5CE15E13B0A00F71E15 /* ECHTMLParser.h */; settings = {ATTRIBUTES = (Public, ); }; };
		2204C5DC15E13B0A00F71E15 /* ECHTMLParser.m in Sources */ = {isa = PBXBuildFile; fileRef = 2204C5CF15E13B0A00F71E15 /* ECHTMLParser.m */; };
		2204C5DD15E13B0A00F71E15 /* ECHTMLParser.m in Sources */ = {isa = PBXBuildFile; fileRef = 2204C5CF15E13B0A00F71E15 /* ECHTMLParser.m */; };
		2204C5DE15E13B0A00F71E15 /* ECMarkdownParser.h in Headers */ = {isa = PBXBuildFile; fileRef = 2204C5D015E13B0A00F71E15 /* ECMarkdownParser.h */; };
		2204C5DF15E13B0A00F71E15 /* ECMarkdownParser.h in Headers */ = {isa = PBXBuildFile; fileRef = 2204C5D015E13B0A00F71E15 /* ECMarkdownParser.h */; settings = {ATTRIBUTES = (Public, ); }; };
		2204C5E015E13B0A00F71E15 /* ECMarkdownParser.m in Sources */ = {isa = PBXBuildFile; fileRef = 2204C5D115E13B0A00F71E15 /* ECMarkdownParser.m */; };
		2204C5E115E13B0A00F71E15 /* ECMarkdownParser.m in Sources */ = {isa = PBXBuildFile; fileRef = 2204C5D115E13B0A00F71E15 /* ECMarkdownParser.m */; };
		2204C5E415E13B1F00F71E15 /* ECDocumentStyles+UIKit.h in Headers */ = {isa = PBXBuildFile; fileRef = 2204C5E215E13B1F00F71E15 /* ECDocumentStyles+UIKit.h */; settings = {ATTRIBUTES = (Public, ); }; };
		2204C5E515E13B1F00F71E15 /* ECDocumentStyles+UIKit.m in Sources */ = {isa = PBXBuildFile; fileRef = 2204C5E315E13B1F00F71E15 /* ECDocumentStyles+UIKit.m */; };
		2204C89F15E29F9200F71E15 /* ECTextGeneric.h in Headers */ = {isa = PBXBuildFile; fileRef = 2204C89E15E29F9200F71E15 /* ECTextGeneric.h */; settings = {ATTRIBUTES = (Public, ); }; };
		2204C8A015E29F9200F71E15 /* ECTextGeneric.h in Headers */ = {isa = PBXBuildFile; fileRef = 2204C89E15E29F9200F71E15 /* ECTextGeneric.h */; settings = {ATTRIBUTES = (Public, ); }; };
		2204C8A215E29FA400F71E15 /* ECText.h in Headers */ = {isa = PBXBuildFile; fileRef = 2204C8A115E29FA400F71E15 /* ECText.h */; settings = {ATTRIBUTES = (Public, ); }; };
		220D699D15DC510900CCC17C /* ECText.framework in CopyFiles */ = {isa = PBXBuildFile; fileRef = 2251B9FF15DBCC3E00F2FE40 /* ECText.framework */; settings = {ATTRIBUTES = (CodeSignOnCopy, ); }; };
		22339C3915DEC1C60017BC6B /* ECText.framework in Frameworks */ = {isa = PBXBuildFile; fileRef = 2251BA1215DBCC4A00F2FE40 /* ECText.framework */; };
		224CA8EE1792FE32007369FA /* ECTextTests.m in Sources */ = {isa = PBXBuildFile; fileRef = 224CA8ED1792FE32007369FA /* ECTextTests.m */; };
		224CA8EF1792FE32007369FA /* ECTextTests.m in Sources */ = {isa = PBXBuildFile; fileRef = 224CA8ED1792FE32007369FA /* ECTextTests.m */; };
		224CA8F01792FE8E007369FA /* ECUnitTests.framework in Frameworks */ = {isa = PBXBuildFile; fileRef = 2251BBA615DC18ED00F2FE40 /* ECUnitTests.framework */; };
		224CA8F51792FF11007369FA /* ECLogging.framework in Frameworks */ = {isa = PBXBuildFile; fileRef = 224CA8F41792FF11007369FA /* ECLogging.framework */; };
		224CA8F61792FF30007369FA /* ECLogging.framework in Frameworks */ = {isa = PBXBuildFile; fileRef = 224CA8F41792FF11007369FA /* ECLogging.framework */; };
		224CA8F71792FF41007369FA /* ECUnitTests.framework in Frameworks */ = {isa = PBXBuildFile; fileRef = 2251BBA615DC18ED00F2FE40 /* ECUnitTests.framework */; };
		2251BA0015DBCC3E00F2FE40 /* Cocoa.framework in Frameworks */ = {isa = PBXBuildFile; fileRef = 2283A3BB14F52E93009142F7 /* Cocoa.framework */; };
		2251BA6415DBD9A600F2FE40 /* ECText.framework in Frameworks */ = {isa = PBXBuildFile; fileRef = 2251B9FF15DBCC3E00F2FE40 /* ECText.framework */; };
		2268499F14F5722300B8691A /* Cocoa.framework in Frameworks */ = {isa = PBXBuildFile; fileRef = 2283A3BB14F52E93009142F7 /* Cocoa.framework */; };
/* End PBXBuildFile section */

/* Begin PBXCopyFilesBuildPhase section */
		2251BBA015DC183000F2FE40 /* CopyFiles */ = {
			isa = PBXCopyFilesBuildPhase;
			buildActionMask = 2147483647;
			dstPath = "";
			dstSubfolderSpec = 10;
			files = (
				220D699D15DC510900CCC17C /* ECText.framework in CopyFiles */,
			);
			runOnlyForDeploymentPostprocessing = 0;
		};
/* End PBXCopyFilesBuildPhase section */

/* Begin PBXFileReference section */
		2204C5CA15E13B0A00F71E15 /* ECDocumentParser.h */ = {isa = PBXFileReference; fileEncoding = 4; lastKnownFileType = sourcecode.c.h; path = ECDocumentParser.h; sourceTree = "<group>"; };
		2204C5CB15E13B0A00F71E15 /* ECDocumentParser.m */ = {isa = PBXFileReference; fileEncoding = 4; lastKnownFileType = sourcecode.c.objc; path = ECDocumentParser.m; sourceTree = "<group>"; };
		2204C5CC15E13B0A00F71E15 /* ECDocumentStyles.h */ = {isa = PBXFileReference; fileEncoding = 4; lastKnownFileType = sourcecode.c.h; path = ECDocumentStyles.h; sourceTree = "<group>"; };
		2204C5CD15E13B0A00F71E15 /* ECDocumentStyles.m */ = {isa = PBXFileReference; fileEncoding = 4; lastKnownFileType = sourcecode.c.objc; path = ECDocumentStyles.m; sourceTree = "<group>"; };
		2204C5CE15E13B0A00F71E15 /* ECHTMLParser.h */ = {isa = PBXFileReference; fileEncoding = 4; lastKnownFileType = sourcecode.c.h; path = ECHTMLParser.h; sourceTree = "<group>"; };
		2204C5CF15E13B0A00F71E15 /* ECHTMLParser.m */ = {isa = PBXFileReference; fileEncoding = 4; lastKnownFileType = sourcecode.c.objc; path = ECHTMLParser.m; sourceTree = "<group>"; };
		2204C5D015E13B0A00F71E15 /* ECMarkdownParser.h */ = {isa = PBXFileReference; fileEncoding = 4; lastKnownFileType = sourcecode.c.h; path = ECMarkdownParser.h; sourceTree = "<group>"; };
		2204C5D115E13B0A00F71E15 /* ECMarkdownParser.m */ = {isa = PBXFileReference; fileEncoding = 4; lastKnownFileType = sourcecode.c.objc; path = ECMarkdownParser.m; sourceTree = "<group>"; };
		2204C5E215E13B1F00F71E15 /* ECDocumentStyles+UIKit.h */ = {isa = PBXFileReference; fileEncoding = 4; lastKnownFileType = sourcecode.c.h; path = "ECDocumentStyles+UIKit.h"; sourceTree = "<group>"; };
		2204C5E315E13B1F00F71E15 /* ECDocumentStyles+UIKit.m */ = {isa = PBXFileReference; fileEncoding = 4; lastKnownFileType = sourcecode.c.objc; path = "ECDocumentStyles+UIKit.m"; sourceTree = "<group>"; };
		2204C89E15E29F9200F71E15 /* ECTextGeneric.h */ = {isa = PBXFileReference; fileEncoding = 4; lastKnownFileType = sourcecode.c.h; path = ECTextGeneric.h; sourceTree = "<group>"; };
		2204C8A115E29FA400F71E15 /* ECText.h */ = {isa = PBXFileReference; fileEncoding = 4; lastKnownFileType = sourcecode.c.h; path = ECText.h; sourceTree = "<group>"; };
		224CA8ED1792FE32007369FA /* ECTextTests.m */ = {isa = PBXFileReference; fileEncoding = 4; lastKnownFileType = sourcecode.c.objc; path = ECTextTests.m; sourceTree = "<group>"; };
		224CA8F41792FF11007369FA /* ECLogging.framework */ = {isa = PBXFileReference; lastKnownFileType = wrapper.framework; path = ECLogging.framework; sourceTree = BUILT_PRODUCTS_DIR; };
		2251B9FF15DBCC3E00F2FE40 /* ECText.framework */ = {isa = PBXFileReference; explicitFileType = wrapper.framework; includeInIndex = 0; path = ECText.framework; sourceTree = BUILT_PRODUCTS_DIR; };
		2251BA1215DBCC4A00F2FE40 /* ECText.framework */ = {isa = PBXFileReference; explicitFileType = wrapper.cfbundle; includeInIndex = 0; path = ECText.framework; sourceTree = BUILT_PRODUCTS_DIR; };
		2251BA4315DBCD3900F2FE40 /* IOSDebug.xcconfig */ = {isa = PBXFileReference; lastKnownFileType = text.xcconfig; path = IOSDebug.xcconfig; sourceTree = "<group>"; };
		2251BA4415DBCD3900F2FE40 /* IOSRelease.xcconfig */ = {isa = PBXFileReference; lastKnownFileType = text.xcconfig; path = IOSRelease.xcconfig; sourceTree = "<group>"; };
		2251BA4515DBCD3900F2FE40 /* MacDebug.xcconfig */ = {isa = PBXFileReference; lastKnownFileType = text.xcconfig; path = MacDebug.xcconfig; sourceTree = "<group>"; };
		2251BA4615DBCD3900F2FE40 /* MacRelease.xcconfig */ = {isa = PBXFileReference; lastKnownFileType = text.xcconfig; path = MacRelease.xcconfig; sourceTree = "<group>"; };
		2251BA5C15DBD68500F2FE40 /* IOSUnitTestDebug.xcconfig */ = {isa = PBXFileReference; lastKnownFileType = text.xcconfig; path = IOSUnitTestDebug.xcconfig; sourceTree = "<group>"; };
		2251BA5D15DBD68500F2FE40 /* IOSUnitTestRelease.xcconfig */ = {isa = PBXFileReference; lastKnownFileType = text.xcconfig; path = IOSUnitTestRelease.xcconfig; sourceTree = "<group>"; };
		2251BA5E15DBD68500F2FE40 /* MacUnitTestDebug.xcconfig */ = {isa = PBXFileReference; lastKnownFileType = text.xcconfig; path = MacUnitTestDebug.xcconfig; sourceTree = "<group>"; };
		2251BA5F15DBD68500F2FE40 /* MacUnitTestRelease.xcconfig */ = {isa = PBXFileReference; lastKnownFileType = text.xcconfig; path = MacUnitTestRelease.xcconfig; sourceTree = "<group>"; };
		2251BA6C15DBDA5100F2FE40 /* Info.plist */ = {isa = PBXFileReference; fileEncoding = 4; lastKnownFileType = text.plist.xml; path = Info.plist; sourceTree = "<group>"; };
		2251BBA615DC18ED00F2FE40 /* ECUnitTests.framework */ = {isa = PBXFileReference; lastKnownFileType = wrapper.framework; path = ECUnitTests.framework; sourceTree = BUILT_PRODUCTS_DIR; };
		225EC67211EBAA4800A97AEA /* ECTextMacTests.xctest */ = {isa = PBXFileReference; explicitFileType = wrapper.cfbundle; includeInIndex = 0; path = ECTextMacTests.xctest; sourceTree = BUILT_PRODUCTS_DIR; };
		2274B38D14F56896003B8A0B /* ECTextIOSTests.xctest */ = {isa = PBXFileReference; explicitFileType = wrapper.cfbundle; includeInIndex = 0; path = ECTextIOSTests.xctest; sourceTree = BUILT_PRODUCTS_DIR; };
		2277CEF316D776CE00835964 /* ECTextTests.plist */ = {isa = PBXFileReference; lastKnownFileType = text.plist.xml; path = ECTextTests.plist; sourceTree = "<group>"; };
		2283A3BB14F52E93009142F7 /* Cocoa.framework */ = {isa = PBXFileReference; lastKnownFileType = wrapper.framework; name = Cocoa.framework; path = System/Library/Frameworks/Cocoa.framework; sourceTree = SDKROOT; };
		2283A3BE14F52E93009142F7 /* AppKit.framework */ = {isa = PBXFileReference; lastKnownFileType = wrapper.framework; name = AppKit.framework; path = System/Library/Frameworks/AppKit.framework; sourceTree = SDKROOT; };
		2283A4CB14F53C6F009142F7 /* ECTextShared.pch */ = {isa = PBXFileReference; fileEncoding = 4; lastKnownFileType = sourcecode.c.h; path = ECTextShared.pch; sourceTree = "<group>"; };
		22970D3C14F5AA80007B254B /* ECTextDebug.pch */ = {isa = PBXFileReference; fileEncoding = 4; lastKnownFileType = sourcecode.c.h; path = ECTextDebug.pch; sourceTree = "<group>"; };
		22970D3D14F5AA80007B254B /* ECTextRelease.pch */ = {isa = PBXFileReference; fileEncoding = 4; lastKnownFileType = sourcecode.c.h; path = ECTextRelease.pch; sourceTree = "<group>"; };
/* End PBXFileReference section */

/* Begin PBXFrameworksBuildPhase section */
		2251B9FB15DBCC3E00F2FE40 /* Frameworks */ = {
			isa = PBXFrameworksBuildPhase;
			buildActionMask = 2147483647;
			files = (
				224CA8F61792FF30007369FA /* ECLogging.framework in Frameworks */,
				2251BA0015DBCC3E00F2FE40 /* Cocoa.framework in Frameworks */,
			);
			runOnlyForDeploymentPostprocessing = 0;
		};
		2251BA0F15DBCC4A00F2FE40 /* Frameworks */ = {
			isa = PBXFrameworksBuildPhase;
			buildActionMask = 2147483647;
			files = (
			);
			runOnlyForDeploymentPostprocessing = 0;
		};
		225EC66F11EBAA4800A97AEA /* Frameworks */ = {
			isa = PBXFrameworksBuildPhase;
			buildActionMask = 2147483647;
			files = (
				224CA8F51792FF11007369FA /* ECLogging.framework in Frameworks */,
				2251BA6415DBD9A600F2FE40 /* ECText.framework in Frameworks */,
				2268499F14F5722300B8691A /* Cocoa.framework in Frameworks */,
				224CA8F71792FF41007369FA /* ECUnitTests.framework in Frameworks */,
			);
			runOnlyForDeploymentPostprocessing = 0;
		};
		2274B38914F56896003B8A0B /* Frameworks */ = {
			isa = PBXFrameworksBuildPhase;
			buildActionMask = 2147483647;
			files = (
				224CA8F01792FE8E007369FA /* ECUnitTests.framework in Frameworks */,
				22339C3915DEC1C60017BC6B /* ECText.framework in Frameworks */,
			);
			runOnlyForDeploymentPostprocessing = 0;
		};
/* End PBXFrameworksBuildPhase section */

/* Begin PBXGroup section */
		034768DFFF38A50411DB9C8B /* Products */ = {
			isa = PBXGroup;
			children = (
				225EC67211EBAA4800A97AEA /* ECTextMacTests.xctest */,
				2274B38D14F56896003B8A0B /* ECTextIOSTests.xctest */,
				2251B9FF15DBCC3E00F2FE40 /* ECText.framework */,
				2251BA1215DBCC4A00F2FE40 /* ECText.framework */,
			);
			name = Products;
			path = ../..;
			sourceTree = BUILT_PRODUCTS_DIR;
		};
		0867D691FE84028FC02AAC07 /* ECFoundation */ = {
			isa = PBXGroup;
			children = (
				22BBB10114F646D20086974D /* Source */,
				2274B37714F56679003B8A0B /* Resources */,
				0867D69AFE84028FC02AAC07 /* Frameworks */,
				034768DFFF38A50411DB9C8B /* Products */,
			);
			indentWidth = 4;
			name = ECFoundation;
			sourceTree = "<group>";
			tabWidth = 4;
			usesTabs = 0;
		};
		0867D69AFE84028FC02AAC07 /* Frameworks */ = {
			isa = PBXGroup;
			children = (
				224CA8F41792FF11007369FA /* ECLogging.framework */,
				2251BBA615DC18ED00F2FE40 /* ECUnitTests.framework */,
				2283A3BB14F52E93009142F7 /* Cocoa.framework */,
				2283A3BE14F52E93009142F7 /* AppKit.framework */,
			);
			name = Frameworks;
			sourceTree = "<group>";
		};
		224CA8EC1792FE32007369FA /* Tests */ = {
			isa = PBXGroup;
			children = (
				224CA8ED1792FE32007369FA /* ECTextTests.m */,
			);
			path = Tests;
			sourceTree = "<group>";
		};
		2251BA4215DBCD3900F2FE40 /* Configuration */ = {
			isa = PBXGroup;
			children = (
				2251BA4315DBCD3900F2FE40 /* IOSDebug.xcconfig */,
				2251BA4415DBCD3900F2FE40 /* IOSRelease.xcconfig */,
				2251BA4515DBCD3900F2FE40 /* MacDebug.xcconfig */,
				2251BA4615DBCD3900F2FE40 /* MacRelease.xcconfig */,
				2251BA5C15DBD68500F2FE40 /* IOSUnitTestDebug.xcconfig */,
				2251BA5D15DBD68500F2FE40 /* IOSUnitTestRelease.xcconfig */,
				2251BA5E15DBD68500F2FE40 /* MacUnitTestDebug.xcconfig */,
				2251BA5F15DBD68500F2FE40 /* MacUnitTestRelease.xcconfig */,
			);
			path = Configuration;
			sourceTree = "<group>";
		};
		2274B37714F56679003B8A0B /* Resources */ = {
			isa = PBXGroup;
			children = (
				2277CEF316D776CE00835964 /* ECTextTests.plist */,
				2251BA6C15DBDA5100F2FE40 /* Info.plist */,
			);
			path = Resources;
			sourceTree = "<group>";
		};
		2283A43A14F53BCC009142F7 /* Generic */ = {
			isa = PBXGroup;
			children = (
				2204C89E15E29F9200F71E15 /* ECTextGeneric.h */,
				2204C5CA15E13B0A00F71E15 /* ECDocumentParser.h */,
				2204C5CB15E13B0A00F71E15 /* ECDocumentParser.m */,
				2204C5CC15E13B0A00F71E15 /* ECDocumentStyles.h */,
				2204C5CD15E13B0A00F71E15 /* ECDocumentStyles.m */,
				2204C5CE15E13B0A00F71E15 /* ECHTMLParser.h */,
				2204C5CF15E13B0A00F71E15 /* ECHTMLParser.m */,
				2204C5D015E13B0A00F71E15 /* ECMarkdownParser.h */,
				2204C5D115E13B0A00F71E15 /* ECMarkdownParser.m */,
			);
			path = Generic;
			sourceTree = "<group>";
		};
		2283A45514F53BCC009142F7 /* iOS */ = {
			isa = PBXGroup;
			children = (
				2204C8A115E29FA400F71E15 /* ECText.h */,
				2204C5E215E13B1F00F71E15 /* ECDocumentStyles+UIKit.h */,
				2204C5E315E13B1F00F71E15 /* ECDocumentStyles+UIKit.m */,
			);
			path = iOS;
			sourceTree = "<group>";
		};
		2283A4C814F53C6F009142F7 /* Prefix */ = {
			isa = PBXGroup;
			children = (
				22970D3C14F5AA80007B254B /* ECTextDebug.pch */,
				22970D3D14F5AA80007B254B /* ECTextRelease.pch */,
				2283A4CB14F53C6F009142F7 /* ECTextShared.pch */,
			);
			path = Prefix;
			sourceTree = "<group>";
		};
		22BBB10114F646D20086974D /* Source */ = {
			isa = PBXGroup;
			children = (
				2251BA4215DBCD3900F2FE40 /* Configuration */,
				2283A43A14F53BCC009142F7 /* Generic */,
				2283A45514F53BCC009142F7 /* iOS */,
				2283A4C814F53C6F009142F7 /* Prefix */,
				224CA8EC1792FE32007369FA /* Tests */,
			);
			path = Source;
			sourceTree = "<group>";
		};
/* End PBXGroup section */

/* Begin PBXHeadersBuildPhase section */
		2251B9FC15DBCC3E00F2FE40 /* Headers */ = {
			isa = PBXHeadersBuildPhase;
			buildActionMask = 2147483647;
			files = (
				2204C5D215E13B0A00F71E15 /* ECDocumentParser.h in Headers */,
				2204C5D615E13B0A00F71E15 /* ECDocumentStyles.h in Headers */,
				2204C5DA15E13B0A00F71E15 /* ECHTMLParser.h in Headers */,
				2204C5DE15E13B0A00F71E15 /* ECMarkdownParser.h in Headers */,
				2204C89F15E29F9200F71E15 /* ECTextGeneric.h in Headers */,
			);
			runOnlyForDeploymentPostprocessing = 0;
		};
		2251BA7A15DBDC2100F2FE40 /* Headers */ = {
			isa = PBXHeadersBuildPhase;
			buildActionMask = 2147483647;
			files = (
				2204C5D315E13B0A00F71E15 /* ECDocumentParser.h in Headers */,
				2204C5D715E13B0A00F71E15 /* ECDocumentStyles.h in Headers */,
				2204C5DB15E13B0A00F71E15 /* ECHTMLParser.h in Headers */,
				2204C5DF15E13B0A00F71E15 /* ECMarkdownParser.h in Headers */,
				2204C5E415E13B1F00F71E15 /* ECDocumentStyles+UIKit.h in Headers */,
				2204C8A015E29F9200F71E15 /* ECTextGeneric.h in Headers */,
				2204C8A215E29FA400F71E15 /* ECText.h in Headers */,
			);
			runOnlyForDeploymentPostprocessing = 0;
		};
/* End PBXHeadersBuildPhase section */

/* Begin PBXNativeTarget section */
		2251B9FE15DBCC3E00F2FE40 /* ECTextMac */ = {
			isa = PBXNativeTarget;
			buildConfigurationList = 2251BA0B15DBCC3E00F2FE40 /* Build configuration list for PBXNativeTarget "ECTextMac" */;
			buildPhases = (
				2251B9FA15DBCC3E00F2FE40 /* Sources */,
				2251B9FB15DBCC3E00F2FE40 /* Frameworks */,
				2251B9FC15DBCC3E00F2FE40 /* Headers */,
				2251B9FD15DBCC3E00F2FE40 /* Resources */,
			);
			buildRules = (
			);
			dependencies = (
			);
			name = ECTextMac;
			productName = MacFramework;
			productReference = 2251B9FF15DBCC3E00F2FE40 /* ECText.framework */;
			productType = "com.apple.product-type.framework";
		};
		2251BA1115DBCC4A00F2FE40 /* ECTextIOS */ = {
			isa = PBXNativeTarget;
			buildConfigurationList = 2251BA1C15DBCC4A00F2FE40 /* Build configuration list for PBXNativeTarget "ECTextIOS" */;
			buildPhases = (
				2251BA0E15DBCC4A00F2FE40 /* Sources */,
				2251BA7A15DBDC2100F2FE40 /* Headers */,
				2251BA0F15DBCC4A00F2FE40 /* Frameworks */,
				2251BA1015DBCC4A00F2FE40 /* Resources */,
				2251BA7815DBDBE300F2FE40 /* ShellScript */,
			);
			buildRules = (
			);
			dependencies = (
			);
			name = ECTextIOS;
			productName = "iOS Bundle";
			productReference = 2251BA1215DBCC4A00F2FE40 /* ECText.framework */;
			productType = "com.apple.product-type.bundle";
		};
		225EC67111EBAA4800A97AEA /* ECTextMacTests */ = {
			isa = PBXNativeTarget;
			buildConfigurationList = 225EC67611EBAA4800A97AEA /* Build configuration list for PBXNativeTarget "ECTextMacTests" */;
			buildPhases = (
				225EC66D11EBAA4800A97AEA /* Resources */,
				225EC66E11EBAA4800A97AEA /* Sources */,
				225EC66F11EBAA4800A97AEA /* Frameworks */,
				2251BBA015DC183000F2FE40 /* CopyFiles */,
				225EC67011EBAA4800A97AEA /* ShellScript */,
			);
			buildRules = (
			);
			dependencies = (
			);
			name = ECTextMacTests;
			productName = "EC Foundation Unit Tests";
			productReference = 225EC67211EBAA4800A97AEA /* ECTextMacTests.xctest */;
			productType = "com.apple.product-type.bundle.unit-test";
		};
		2274B38C14F56896003B8A0B /* ECTextIOSTests */ = {
			isa = PBXNativeTarget;
			buildConfigurationList = 2274B3A114F56896003B8A0B /* Build configuration list for PBXNativeTarget "ECTextIOSTests" */;
			buildPhases = (
				2274B38814F56896003B8A0B /* Sources */,
				2274B38914F56896003B8A0B /* Frameworks */,
				2274B38A14F56896003B8A0B /* Resources */,
				2274B38B14F56896003B8A0B /* ShellScript */,
			);
			buildRules = (
			);
			dependencies = (
			);
			name = ECTextIOSTests;
			productName = blahTests;
			productReference = 2274B38D14F56896003B8A0B /* ECTextIOSTests.xctest */;
			productType = "com.apple.product-type.bundle.unit-test";
		};
/* End PBXNativeTarget section */

/* Begin PBXProject section */
		0867D690FE84028FC02AAC07 /* Project object */ = {
			isa = PBXProject;
			attributes = {
				LastTestingUpgradeCheck = 0510;
				LastUpgradeCheck = 0720;
				ORGANIZATIONNAME = "Elegant Chaos";
			};
			buildConfigurationList = 1DEB91B108733DA50010E9CD /* Build configuration list for PBXProject "ECText" */;
			compatibilityVersion = "Xcode 3.2";
			developmentRegion = English;
			hasScannedForEncodings = 1;
			knownRegions = (
				English,
				Japanese,
				French,
				German,
				en,
				ec,
			);
			mainGroup = 0867D691FE84028FC02AAC07 /* ECFoundation */;
			productRefGroup = 034768DFFF38A50411DB9C8B /* Products */;
			projectDirPath = "";
			projectRoot = "";
			targets = (
				2251B9FE15DBCC3E00F2FE40 /* ECTextMac */,
				225EC67111EBAA4800A97AEA /* ECTextMacTests */,
				2251BA1115DBCC4A00F2FE40 /* ECTextIOS */,
				2274B38C14F56896003B8A0B /* ECTextIOSTests */,
			);
		};
/* End PBXProject section */

/* Begin PBXResourcesBuildPhase section */
		2251B9FD15DBCC3E00F2FE40 /* Resources */ = {
			isa = PBXResourcesBuildPhase;
			buildActionMask = 2147483647;
			files = (
			);
			runOnlyForDeploymentPostprocessing = 0;
		};
		2251BA1015DBCC4A00F2FE40 /* Resources */ = {
			isa = PBXResourcesBuildPhase;
			buildActionMask = 2147483647;
			files = (
			);
			runOnlyForDeploymentPostprocessing = 0;
		};
		225EC66D11EBAA4800A97AEA /* Resources */ = {
			isa = PBXResourcesBuildPhase;
			buildActionMask = 2147483647;
			files = (
			);
			runOnlyForDeploymentPostprocessing = 0;
		};
		2274B38A14F56896003B8A0B /* Resources */ = {
			isa = PBXResourcesBuildPhase;
			buildActionMask = 2147483647;
			files = (
			);
			runOnlyForDeploymentPostprocessing = 0;
		};
/* End PBXResourcesBuildPhase section */

/* Begin PBXShellScriptBuildPhase section */
		2251BA7815DBDBE300F2FE40 /* ShellScript */ = {
			isa = PBXShellScriptBuildPhase;
			buildActionMask = 2147483647;
			files = (
			);
			inputPaths = (
			);
			outputPaths = (
			);
			runOnlyForDeploymentPostprocessing = 0;
			shellPath = /bin/sh;
			shellScript = "\"${ECLOGGING_SCRIPTS_PATH}/package-pseudo-framework.sh\"";
			showEnvVarsInLog = 0;
		};
		225EC67011EBAA4800A97AEA /* ShellScript */ = {
			isa = PBXShellScriptBuildPhase;
			buildActionMask = 2147483647;
			files = (
			);
			inputPaths = (
			);
			outputPaths = (
			);
			runOnlyForDeploymentPostprocessing = 0;
			shellPath = /bin/sh;
			shellScript = "# Run the unit tests in this test bundle.\n\"${SYSTEM_DEVELOPER_DIR}/Tools/RunUnitTests\"\n";
			showEnvVarsInLog = 0;
		};
		2274B38B14F56896003B8A0B /* ShellScript */ = {
			isa = PBXShellScriptBuildPhase;
			buildActionMask = 2147483647;
			files = (
			);
			inputPaths = (
			);
			outputPaths = (
			);
			runOnlyForDeploymentPostprocessing = 0;
			shellPath = /bin/sh;
			shellScript = "# Run the unit tests in this test bundle.\n\"${SYSTEM_DEVELOPER_DIR}/Tools/RunUnitTests\"\n";
			showEnvVarsInLog = 0;
		};
/* End PBXShellScriptBuildPhase section */

/* Begin PBXSourcesBuildPhase section */
		2251B9FA15DBCC3E00F2FE40 /* Sources */ = {
			isa = PBXSourcesBuildPhase;
			buildActionMask = 2147483647;
			files = (
				2204C5D415E13B0A00F71E15 /* ECDocumentParser.m in Sources */,
				2204C5D815E13B0A00F71E15 /* ECDocumentStyles.m in Sources */,
				2204C5DC15E13B0A00F71E15 /* ECHTMLParser.m in Sources */,
				2204C5E015E13B0A00F71E15 /* ECMarkdownParser.m in Sources */,
			);
			runOnlyForDeploymentPostprocessing = 0;
		};
		2251BA0E15DBCC4A00F2FE40 /* Sources */ = {
			isa = PBXSourcesBuildPhase;
			buildActionMask = 2147483647;
			files = (
				2204C5D515E13B0A00F71E15 /* ECDocumentParser.m in Sources */,
				2204C5D915E13B0A00F71E15 /* ECDocumentStyles.m in Sources */,
				2204C5DD15E13B0A00F71E15 /* ECHTMLParser.m in Sources */,
				2204C5E115E13B0A00F71E15 /* ECMarkdownParser.m in Sources */,
				2204C5E515E13B1F00F71E15 /* ECDocumentStyles+UIKit.m in Sources */,
			);
			runOnlyForDeploymentPostprocessing = 0;
		};
		225EC66E11EBAA4800A97AEA /* Sources */ = {
			isa = PBXSourcesBuildPhase;
			buildActionMask = 2147483647;
			files = (
				224CA8EE1792FE32007369FA /* ECTextTests.m in Sources */,
			);
			runOnlyForDeploymentPostprocessing = 0;
		};
		2274B38814F56896003B8A0B /* Sources */ = {
			isa = PBXSourcesBuildPhase;
			buildActionMask = 2147483647;
			files = (
				224CA8EF1792FE32007369FA /* ECTextTests.m in Sources */,
			);
			runOnlyForDeploymentPostprocessing = 0;
		};
/* End PBXSourcesBuildPhase section */

/* Begin XCBuildConfiguration section */
		1DEB91B208733DA50010E9CD /* Debug */ = {
			isa = XCBuildConfiguration;
			buildSettings = {
				ONLY_ACTIVE_ARCH = YES;
			};
			name = Debug;
		};
		1DEB91B308733DA50010E9CD /* Release */ = {
			isa = XCBuildConfiguration;
			buildSettings = {
			};
			name = Release;
		};
		2251BA0C15DBCC3E00F2FE40 /* Debug */ = {
			isa = XCBuildConfiguration;
			baseConfigurationReference = 2251BA4515DBCD3900F2FE40 /* MacDebug.xcconfig */;
			buildSettings = {
				COMBINE_HIDPI_IMAGES = YES;
				GCC_SYMBOLS_PRIVATE_EXTERN = NO;
				PRODUCT_BUNDLE_IDENTIFIER = "com.elegantchaos.${PRODUCT_NAME:rfc1034identifier}";
			};
			name = Debug;
		};
		2251BA0D15DBCC3E00F2FE40 /* Release */ = {
			isa = XCBuildConfiguration;
			baseConfigurationReference = 2251BA4615DBCD3900F2FE40 /* MacRelease.xcconfig */;
			buildSettings = {
				COMBINE_HIDPI_IMAGES = YES;
				DEBUG_INFORMATION_FORMAT = "dwarf-with-dsym";
				PRODUCT_BUNDLE_IDENTIFIER = "com.elegantchaos.${PRODUCT_NAME:rfc1034identifier}";
			};
			name = Release;
		};
		2251BA1D15DBCC4A00F2FE40 /* Debug */ = {
			isa = XCBuildConfiguration;
			baseConfigurationReference = 2251BA4415DBCD3900F2FE40 /* IOSRelease.xcconfig */;
			buildSettings = {
				PRODUCT_BUNDLE_IDENTIFIER = "com.elegantchaos.${PRODUCT_NAME:rfc1034identifier}";
			};
			name = Debug;
		};
		2251BA1E15DBCC4A00F2FE40 /* Release */ = {
			isa = XCBuildConfiguration;
			baseConfigurationReference = 2251BA4415DBCD3900F2FE40 /* IOSRelease.xcconfig */;
			buildSettings = {
				PRODUCT_BUNDLE_IDENTIFIER = "com.elegantchaos.${PRODUCT_NAME:rfc1034identifier}";
			};
			name = Release;
		};
		225EC67411EBAA4800A97AEA /* Debug */ = {
			isa = XCBuildConfiguration;
			baseConfigurationReference = 2251BA5E15DBD68500F2FE40 /* MacUnitTestDebug.xcconfig */;
			buildSettings = {
				COMBINE_HIDPI_IMAGES = YES;
				FRAMEWORK_SEARCH_PATHS = (
					"$(inherited)",
					"$(SRCROOT)/../../../../../../../../../../../castor/Caches/DerivedData/ECIntegration-fbajcwyruhnhxzgnphlhxaexutkp/Build/Products/Debug",
					"/Caches/DerivedData/ECIntegration-fbajcwyruhnhxzgnphlhxaexutkp/Build/Products/Debug",
				);
				INFOPLIST_FILE = Resources/ECTextTests.plist;
				LD_RUNPATH_SEARCH_PATHS = "@loader_path/../Frameworks";
				PRODUCT_BUNDLE_IDENTIFIER = "com.elegantchaos.${PRODUCT_NAME:rfc1034identifier}";
			};
			name = Debug;
		};
		225EC67511EBAA4800A97AEA /* Release */ = {
			isa = XCBuildConfiguration;
			baseConfigurationReference = 2251BA5F15DBD68500F2FE40 /* MacUnitTestRelease.xcconfig */;
			buildSettings = {
				COMBINE_HIDPI_IMAGES = YES;
				FRAMEWORK_SEARCH_PATHS = (
					"$(inherited)",
					"$(SRCROOT)/../../../../../../../../../../../castor/Caches/DerivedData/ECIntegration-fbajcwyruhnhxzgnphlhxaexutkp/Build/Products/Debug",
					"/Caches/DerivedData/ECIntegration-fbajcwyruhnhxzgnphlhxaexutkp/Build/Products/Debug",
				);
				INFOPLIST_FILE = Resources/ECTextTests.plist;
				LD_RUNPATH_SEARCH_PATHS = "@loader_path/../Frameworks";
				PRODUCT_BUNDLE_IDENTIFIER = "com.elegantchaos.${PRODUCT_NAME:rfc1034identifier}";
			};
			name = Release;
		};
		2274B3A214F56896003B8A0B /* Debug */ = {
			isa = XCBuildConfiguration;
			baseConfigurationReference = 2251BA5C15DBD68500F2FE40 /* IOSUnitTestDebug.xcconfig */;
			buildSettings = {
				INFOPLIST_FILE = Resources/ECTextTests.plist;
				PRODUCT_BUNDLE_IDENTIFIER = "com.elegantchaos.${PRODUCT_NAME:rfc1034identifier}";
			};
			name = Debug;
		};
		2274B3A314F56896003B8A0B /* Release */ = {
			isa = XCBuildConfiguration;
			baseConfigurationReference = 2251BA5D15DBD68500F2FE40 /* IOSUnitTestRelease.xcconfig */;
			buildSettings = {
				INFOPLIST_FILE = Resources/ECTextTests.plist;
				PRODUCT_BUNDLE_IDENTIFIER = "com.elegantchaos.${PRODUCT_NAME:rfc1034identifier}";
			};
			name = Release;
		};
/* End XCBuildConfiguration section */

/* Begin XCConfigurationList section */
		1DEB91B108733DA50010E9CD /* Build configuration list for PBXProject "ECText" */ = {
			isa = XCConfigurationList;
			buildConfigurations = (
				1DEB91B208733DA50010E9CD /* Debug */,
				1DEB91B308733DA50010E9CD /* Release */,
			);
			defaultConfigurationIsVisible = 0;
			defaultConfigurationName = Debug;
		};
		2251BA0B15DBCC3E00F2FE40 /* Build configuration list for PBXNativeTarget "ECTextMac" */ = {
			isa = XCConfigurationList;
			buildConfigurations = (
				2251BA0C15DBCC3E00F2FE40 /* Debug */,
				2251BA0D15DBCC3E00F2FE40 /* Release */,
			);
			defaultConfigurationIsVisible = 0;
			defaultConfigurationName = Debug;
		};
		2251BA1C15DBCC4A00F2FE40 /* Build configuration list for PBXNativeTarget "ECTextIOS" */ = {
			isa = XCConfigurationList;
			buildConfigurations = (
				2251BA1D15DBCC4A00F2FE40 /* Debug */,
				2251BA1E15DBCC4A00F2FE40 /* Release */,
			);
			defaultConfigurationIsVisible = 0;
			defaultConfigurationName = Debug;
		};
		225EC67611EBAA4800A97AEA /* Build configuration list for PBXNativeTarget "ECTextMacTests" */ = {
			isa = XCConfigurationList;
			buildConfigurations = (
				225EC67411EBAA4800A97AEA /* Debug */,
				225EC67511EBAA4800A97AEA /* Release */,
			);
			defaultConfigurationIsVisible = 0;
			defaultConfigurationName = Debug;
		};
		2274B3A114F56896003B8A0B /* Build configuration list for PBXNativeTarget "ECTextIOSTests" */ = {
			isa = XCConfigurationList;
			buildConfigurations = (
				2274B3A214F56896003B8A0B /* Debug */,
				2274B3A314F56896003B8A0B /* Release */,
			);
			defaultConfigurationIsVisible = 0;
			defaultConfigurationName = Debug;
		};
/* End XCConfigurationList section */
	};
	rootObject = 0867D690FE84028FC02AAC07 /* Project object */;
}
